// !$*UTF8*$!
{
	archiveVersion = 1;
	classes = {
	};
	objectVersion = 50;
	objects = {

/* Begin PBXBuildFile section */
		76D2D4D025B6758E00A17562 /* AppDelegate.swift in Sources */ = {isa = PBXBuildFile; fileRef = 76D2D4CF25B6758E00A17562 /* AppDelegate.swift */; };
		76D2D4D225B6758E00A17562 /* SceneDelegate.swift in Sources */ = {isa = PBXBuildFile; fileRef = 76D2D4D125B6758E00A17562 /* SceneDelegate.swift */; };
		76D2D4D425B6758E00A17562 /* ViewController.swift in Sources */ = {isa = PBXBuildFile; fileRef = 76D2D4D325B6758E00A17562 /* ViewController.swift */; };
		76D2D4D725B6758E00A17562 /* Main.storyboard in Resources */ = {isa = PBXBuildFile; fileRef = 76D2D4D525B6758E00A17562 /* Main.storyboard */; };
		76D2D4D925B6758E00A17562 /* Assets.xcassets in Resources */ = {isa = PBXBuildFile; fileRef = 76D2D4D825B6758E00A17562 /* Assets.xcassets */; };
		76D2D4DC25B6758E00A17562 /* LaunchScreen.storyboard in Resources */ = {isa = PBXBuildFile; fileRef = 76D2D4DA25B6758E00A17562 /* LaunchScreen.storyboard */; };
		76D2D4E725B6758E00A17562 /* PreworkTests.swift in Sources */ = {isa = PBXBuildFile; fileRef = 76D2D4E625B6758E00A17562 /* PreworkTests.swift */; };
		76D2D4F225B6758E00A17562 /* PreworkUITests.swift in Sources */ = {isa = PBXBuildFile; fileRef = 76D2D4F125B6758E00A17562 /* PreworkUITests.swift */; };
/* End PBXBuildFile section */

/* Begin PBXContainerItemProxy section */
		76D2D4E325B6758E00A17562 /* PBXContainerItemProxy */ = {
			isa = PBXContainerItemProxy;
			containerPortal = 76D2D4C425B6758E00A17562 /* Project object */;
			proxyType = 1;
			remoteGlobalIDString = 76D2D4CB25B6758E00A17562;
			remoteInfo = Prework;
		};
		76D2D4EE25B6758E00A17562 /* PBXContainerItemProxy */ = {
			isa = PBXContainerItemProxy;
			containerPortal = 76D2D4C425B6758E00A17562 /* Project object */;
			proxyType = 1;
			remoteGlobalIDString = 76D2D4CB25B6758E00A17562;
			remoteInfo = Prework;
		};
/* End PBXContainerItemProxy section */

/* Begin PBXFileReference section */
		76D2D4CC25B6758E00A17562 /* Prework.app */ = {isa = PBXFileReference; explicitFileType = wrapper.application; includeInIndex = 0; path = Prework.app; sourceTree = BUILT_PRODUCTS_DIR; };
		76D2D4CF25B6758E00A17562 /* AppDelegate.swift */ = {isa = PBXFileReference; lastKnownFileType = sourcecode.swift; path = AppDelegate.swift; sourceTree = "<group>"; };
		76D2D4D125B6758E00A17562 /* SceneDelegate.swift */ = {isa = PBXFileReference; lastKnownFileType = sourcecode.swift; path = SceneDelegate.swift; sourceTree = "<group>"; };
		76D2D4D325B6758E00A17562 /* ViewController.swift */ = {isa = PBXFileReference; lastKnownFileType = sourcecode.swift; path = ViewController.swift; sourceTree = "<group>"; };
		76D2D4D625B6758E00A17562 /* Base */ = {isa = PBXFileReference; lastKnownFileType = file.storyboard; name = Base; path = Base.lproj/Main.storyboard; sourceTree = "<group>"; };
		76D2D4D825B6758E00A17562 /* Assets.xcassets */ = {isa = PBXFileReference; lastKnownFileType = folder.assetcatalog; path = Assets.xcassets; sourceTree = "<group>"; };
		76D2D4DB25B6758E00A17562 /* Base */ = {isa = PBXFileReference; lastKnownFileType = file.storyboard; name = Base; path = Base.lproj/LaunchScreen.storyboard; sourceTree = "<group>"; };
		76D2D4DD25B6758E00A17562 /* Info.plist */ = {isa = PBXFileReference; lastKnownFileType = text.plist.xml; path = Info.plist; sourceTree = "<group>"; };
		76D2D4E225B6758E00A17562 /* PreworkTests.xctest */ = {isa = PBXFileReference; explicitFileType = wrapper.cfbundle; includeInIndex = 0; path = PreworkTests.xctest; sourceTree = BUILT_PRODUCTS_DIR; };
		76D2D4E625B6758E00A17562 /* PreworkTests.swift */ = {isa = PBXFileReference; lastKnownFileType = sourcecode.swift; path = PreworkTests.swift; sourceTree = "<group>"; };
		76D2D4E825B6758E00A17562 /* Info.plist */ = {isa = PBXFileReference; lastKnownFileType = text.plist.xml; path = Info.plist; sourceTree = "<group>"; };
		76D2D4ED25B6758E00A17562 /* PreworkUITests.xctest */ = {isa = PBXFileReference; explicitFileType = wrapper.cfbundle; includeInIndex = 0; path = PreworkUITests.xctest; sourceTree = BUILT_PRODUCTS_DIR; };
		76D2D4F125B6758E00A17562 /* PreworkUITests.swift */ = {isa = PBXFileReference; lastKnownFileType = sourcecode.swift; path = PreworkUITests.swift; sourceTree = "<group>"; };
		76D2D4F325B6758E00A17562 /* Info.plist */ = {isa = PBXFileReference; lastKnownFileType = text.plist.xml; path = Info.plist; sourceTree = "<group>"; };
/* End PBXFileReference section */

/* Begin PBXFrameworksBuildPhase section */
		76D2D4C925B6758E00A17562 /* Frameworks */ = {
			isa = PBXFrameworksBuildPhase;
			buildActionMask = 2147483647;
			files = (
			);
			runOnlyForDeploymentPostprocessing = 0;
		};
		76D2D4DF25B6758E00A17562 /* Frameworks */ = {
			isa = PBXFrameworksBuildPhase;
			buildActionMask = 2147483647;
			files = (
			);
			runOnlyForDeploymentPostprocessing = 0;
		};
		76D2D4EA25B6758E00A17562 /* Frameworks */ = {
			isa = PBXFrameworksBuildPhase;
			buildActionMask = 2147483647;
			files = (
			);
			runOnlyForDeploymentPostprocessing = 0;
		};
/* End PBXFrameworksBuildPhase section */

/* Begin PBXGroup section */
		76D2D4C325B6758E00A17562 = {
			isa = PBXGroup;
			children = (
				76D2D4CE25B6758E00A17562 /* Prework */,
				76D2D4E525B6758E00A17562 /* PreworkTests */,
				76D2D4F025B6758E00A17562 /* PreworkUITests */,
				76D2D4CD25B6758E00A17562 /* Products */,
			);
			sourceTree = "<group>";
		};
		76D2D4CD25B6758E00A17562 /* Products */ = {
			isa = PBXGroup;
			children = (
				76D2D4CC25B6758E00A17562 /* Prework.app */,
				76D2D4E225B6758E00A17562 /* PreworkTests.xctest */,
				76D2D4ED25B6758E00A17562 /* PreworkUITests.xctest */,
			);
			name = Products;
			sourceTree = "<group>";
		};
		76D2D4CE25B6758E00A17562 /* Prework */ = {
			isa = PBXGroup;
			children = (
				76D2D4CF25B6758E00A17562 /* AppDelegate.swift */,
				76D2D4D125B6758E00A17562 /* SceneDelegate.swift */,
				76D2D4D325B6758E00A17562 /* ViewController.swift */,
				76D2D4D525B6758E00A17562 /* Main.storyboard */,
				76D2D4D825B6758E00A17562 /* Assets.xcassets */,
				76D2D4DA25B6758E00A17562 /* LaunchScreen.storyboard */,
				76D2D4DD25B6758E00A17562 /* Info.plist */,
			);
			path = Prework;
			sourceTree = "<group>";
		};
		76D2D4E525B6758E00A17562 /* PreworkTests */ = {
			isa = PBXGroup;
			children = (
				76D2D4E625B6758E00A17562 /* PreworkTests.swift */,
				76D2D4E825B6758E00A17562 /* Info.plist */,
			);
			path = PreworkTests;
			sourceTree = "<group>";
		};
		76D2D4F025B6758E00A17562 /* PreworkUITests */ = {
			isa = PBXGroup;
			children = (
				76D2D4F125B6758E00A17562 /* PreworkUITests.swift */,
				76D2D4F325B6758E00A17562 /* Info.plist */,
			);
			path = PreworkUITests;
			sourceTree = "<group>";
		};
/* End PBXGroup section */

/* Begin PBXNativeTarget section */
		76D2D4CB25B6758E00A17562 /* Prework */ = {
			isa = PBXNativeTarget;
			buildConfigurationList = 76D2D4F625B6758F00A17562 /* Build configuration list for PBXNativeTarget "Prework" */;
			buildPhases = (
				76D2D4C825B6758E00A17562 /* Sources */,
				76D2D4C925B6758E00A17562 /* Frameworks */,
				76D2D4CA25B6758E00A17562 /* Resources */,
			);
			buildRules = (
			);
			dependencies = (
			);
			name = Prework;
			productName = Prework;
			productReference = 76D2D4CC25B6758E00A17562 /* Prework.app */;
			productType = "com.apple.product-type.application";
		};
		76D2D4E125B6758E00A17562 /* PreworkTests */ = {
			isa = PBXNativeTarget;
			buildConfigurationList = 76D2D4F925B6758F00A17562 /* Build configuration list for PBXNativeTarget "PreworkTests" */;
			buildPhases = (
				76D2D4DE25B6758E00A17562 /* Sources */,
				76D2D4DF25B6758E00A17562 /* Frameworks */,
				76D2D4E025B6758E00A17562 /* Resources */,
			);
			buildRules = (
			);
			dependencies = (
				76D2D4E425B6758E00A17562 /* PBXTargetDependency */,
			);
			name = PreworkTests;
			productName = PreworkTests;
			productReference = 76D2D4E225B6758E00A17562 /* PreworkTests.xctest */;
			productType = "com.apple.product-type.bundle.unit-test";
		};
		76D2D4EC25B6758E00A17562 /* PreworkUITests */ = {
			isa = PBXNativeTarget;
			buildConfigurationList = 76D2D4FC25B6758F00A17562 /* Build configuration list for PBXNativeTarget "PreworkUITests" */;
			buildPhases = (
				76D2D4E925B6758E00A17562 /* Sources */,
				76D2D4EA25B6758E00A17562 /* Frameworks */,
				76D2D4EB25B6758E00A17562 /* Resources */,
			);
			buildRules = (
			);
			dependencies = (
				76D2D4EF25B6758E00A17562 /* PBXTargetDependency */,
			);
			name = PreworkUITests;
			productName = PreworkUITests;
			productReference = 76D2D4ED25B6758E00A17562 /* PreworkUITests.xctest */;
			productType = "com.apple.product-type.bundle.ui-testing";
		};
/* End PBXNativeTarget section */

/* Begin PBXProject section */
		76D2D4C425B6758E00A17562 /* Project object */ = {
			isa = PBXProject;
			attributes = {
				LastSwiftUpdateCheck = 1230;
				LastUpgradeCheck = 1230;
				TargetAttributes = {
					76D2D4CB25B6758E00A17562 = {
						CreatedOnToolsVersion = 12.3;
					};
					76D2D4E125B6758E00A17562 = {
						CreatedOnToolsVersion = 12.3;
						TestTargetID = 76D2D4CB25B6758E00A17562;
					};
					76D2D4EC25B6758E00A17562 = {
						CreatedOnToolsVersion = 12.3;
						TestTargetID = 76D2D4CB25B6758E00A17562;
					};
				};
			};
			buildConfigurationList = 76D2D4C725B6758E00A17562 /* Build configuration list for PBXProject "Prework" */;
			compatibilityVersion = "Xcode 9.3";
			developmentRegion = en;
			hasScannedForEncodings = 0;
			knownRegions = (
				en,
				Base,
			);
			mainGroup = 76D2D4C325B6758E00A17562;
			productRefGroup = 76D2D4CD25B6758E00A17562 /* Products */;
			projectDirPath = "";
			projectRoot = "";
			targets = (
				76D2D4CB25B6758E00A17562 /* Prework */,
				76D2D4E125B6758E00A17562 /* PreworkTests */,
				76D2D4EC25B6758E00A17562 /* PreworkUITests */,
			);
		};
/* End PBXProject section */

/* Begin PBXResourcesBuildPhase section */
		76D2D4CA25B6758E00A17562 /* Resources */ = {
			isa = PBXResourcesBuildPhase;
			buildActionMask = 2147483647;
			files = (
				76D2D4DC25B6758E00A17562 /* LaunchScreen.storyboard in Resources */,
				76D2D4D925B6758E00A17562 /* Assets.xcassets in Resources */,
				76D2D4D725B6758E00A17562 /* Main.storyboard in Resources */,
			);
			runOnlyForDeploymentPostprocessing = 0;
		};
		76D2D4E025B6758E00A17562 /* Resources */ = {
			isa = PBXResourcesBuildPhase;
			buildActionMask = 2147483647;
			files = (
			);
			runOnlyForDeploymentPostprocessing = 0;
		};
		76D2D4EB25B6758E00A17562 /* Resources */ = {
			isa = PBXResourcesBuildPhase;
			buildActionMask = 2147483647;
			files = (
			);
			runOnlyForDeploymentPostprocessing = 0;
		};
/* End PBXResourcesBuildPhase section */

/* Begin PBXSourcesBuildPhase section */
		76D2D4C825B6758E00A17562 /* Sources */ = {
			isa = PBXSourcesBuildPhase;
			buildActionMask = 2147483647;
			files = (
				76D2D4D425B6758E00A17562 /* ViewController.swift in Sources */,
				76D2D4D025B6758E00A17562 /* AppDelegate.swift in Sources */,
				76D2D4D225B6758E00A17562 /* SceneDelegate.swift in Sources */,
			);
			runOnlyForDeploymentPostprocessing = 0;
		};
		76D2D4DE25B6758E00A17562 /* Sources */ = {
			isa = PBXSourcesBuildPhase;
			buildActionMask = 2147483647;
			files = (
				76D2D4E725B6758E00A17562 /* PreworkTests.swift in Sources */,
			);
			runOnlyForDeploymentPostprocessing = 0;
		};
		76D2D4E925B6758E00A17562 /* Sources */ = {
			isa = PBXSourcesBuildPhase;
			buildActionMask = 2147483647;
			files = (
				76D2D4F225B6758E00A17562 /* PreworkUITests.swift in Sources */,
			);
			runOnlyForDeploymentPostprocessing = 0;
		};
/* End PBXSourcesBuildPhase section */

/* Begin PBXTargetDependency section */
		76D2D4E425B6758E00A17562 /* PBXTargetDependency */ = {
			isa = PBXTargetDependency;
			target = 76D2D4CB25B6758E00A17562 /* Prework */;
			targetProxy = 76D2D4E325B6758E00A17562 /* PBXContainerItemProxy */;
		};
		76D2D4EF25B6758E00A17562 /* PBXTargetDependency */ = {
			isa = PBXTargetDependency;
			target = 76D2D4CB25B6758E00A17562 /* Prework */;
			targetProxy = 76D2D4EE25B6758E00A17562 /* PBXContainerItemProxy */;
		};
/* End PBXTargetDependency section */

/* Begin PBXVariantGroup section */
		76D2D4D525B6758E00A17562 /* Main.storyboard */ = {
			isa = PBXVariantGroup;
			children = (
				76D2D4D625B6758E00A17562 /* Base */,
			);
			name = Main.storyboard;
			sourceTree = "<group>";
		};
		76D2D4DA25B6758E00A17562 /* LaunchScreen.storyboard */ = {
			isa = PBXVariantGroup;
			children = (
				76D2D4DB25B6758E00A17562 /* Base */,
			);
			name = LaunchScreen.storyboard;
			sourceTree = "<group>";
		};
/* End PBXVariantGroup section */

/* Begin XCBuildConfiguration section */
		76D2D4F425B6758F00A17562 /* Debug */ = {
			isa = XCBuildConfiguration;
			buildSettings = {
				ALWAYS_SEARCH_USER_PATHS = NO;
				CLANG_ANALYZER_NONNULL = YES;
				CLANG_ANALYZER_NUMBER_OBJECT_CONVERSION = YES_AGGRESSIVE;
				CLANG_CXX_LANGUAGE_STANDARD = "gnu++14";
				CLANG_CXX_LIBRARY = "libc++";
				CLANG_ENABLE_MODULES = YES;
				CLANG_ENABLE_OBJC_ARC = YES;
				CLANG_ENABLE_OBJC_WEAK = YES;
				CLANG_WARN_BLOCK_CAPTURE_AUTORELEASING = YES;
				CLANG_WARN_BOOL_CONVERSION = YES;
				CLANG_WARN_COMMA = YES;
				CLANG_WARN_CONSTANT_CONVERSION = YES;
				CLANG_WARN_DEPRECATED_OBJC_IMPLEMENTATIONS = YES;
				CLANG_WARN_DIRECT_OBJC_ISA_USAGE = YES_ERROR;
				CLANG_WARN_DOCUMENTATION_COMMENTS = YES;
				CLANG_WARN_EMPTY_BODY = YES;
				CLANG_WARN_ENUM_CONVERSION = YES;
				CLANG_WARN_INFINITE_RECURSION = YES;
				CLANG_WARN_INT_CONVERSION = YES;
				CLANG_WARN_NON_LITERAL_NULL_CONVERSION = YES;
				CLANG_WARN_OBJC_IMPLICIT_RETAIN_SELF = YES;
				CLANG_WARN_OBJC_LITERAL_CONVERSION = YES;
				CLANG_WARN_OBJC_ROOT_CLASS = YES_ERROR;
				CLANG_WARN_QUOTED_INCLUDE_IN_FRAMEWORK_HEADER = YES;
				CLANG_WARN_RANGE_LOOP_ANALYSIS = YES;
				CLANG_WARN_STRICT_PROTOTYPES = YES;
				CLANG_WARN_SUSPICIOUS_MOVE = YES;
				CLANG_WARN_UNGUARDED_AVAILABILITY = YES_AGGRESSIVE;
				CLANG_WARN_UNREACHABLE_CODE = YES;
				CLANG_WARN__DUPLICATE_METHOD_MATCH = YES;
				COPY_PHASE_STRIP = NO;
				DEBUG_INFORMATION_FORMAT = dwarf;
				ENABLE_STRICT_OBJC_MSGSEND = YES;
				ENABLE_TESTABILITY = YES;
				GCC_C_LANGUAGE_STANDARD = gnu11;
				GCC_DYNAMIC_NO_PIC = NO;
				GCC_NO_COMMON_BLOCKS = YES;
				GCC_OPTIMIZATION_LEVEL = 0;
				GCC_PREPROCESSOR_DEFINITIONS = (
					"DEBUG=1",
					"$(inherited)",
				);
				GCC_WARN_64_TO_32_BIT_CONVERSION = YES;
				GCC_WARN_ABOUT_RETURN_TYPE = YES_ERROR;
				GCC_WARN_UNDECLARED_SELECTOR = YES;
				GCC_WARN_UNINITIALIZED_AUTOS = YES_AGGRESSIVE;
				GCC_WARN_UNUSED_FUNCTION = YES;
				GCC_WARN_UNUSED_VARIABLE = YES;
				IPHONEOS_DEPLOYMENT_TARGET = 14.3;
				MTL_ENABLE_DEBUG_INFO = INCLUDE_SOURCE;
				MTL_FAST_MATH = YES;
				ONLY_ACTIVE_ARCH = YES;
				SDKROOT = iphoneos;
				SWIFT_ACTIVE_COMPILATION_CONDITIONS = DEBUG;
				SWIFT_OPTIMIZATION_LEVEL = "-Onone";
			};
			name = Debug;
		};
		76D2D4F525B6758F00A17562 /* Release */ = {
			isa = XCBuildConfiguration;
			buildSettings = {
				ALWAYS_SEARCH_USER_PATHS = NO;
				CLANG_ANALYZER_NONNULL = YES;
				CLANG_ANALYZER_NUMBER_OBJECT_CONVERSION = YES_AGGRESSIVE;
				CLANG_CXX_LANGUAGE_STANDARD = "gnu++14";
				CLANG_CXX_LIBRARY = "libc++";
				CLANG_ENABLE_MODULES = YES;
				CLANG_ENABLE_OBJC_ARC = YES;
				CLANG_ENABLE_OBJC_WEAK = YES;
				CLANG_WARN_BLOCK_CAPTURE_AUTORELEASING = YES;
				CLANG_WARN_BOOL_CONVERSION = YES;
				CLANG_WARN_COMMA = YES;
				CLANG_WARN_CONSTANT_CONVERSION = YES;
				CLANG_WARN_DEPRECATED_OBJC_IMPLEMENTATIONS = YES;
				CLANG_WARN_DIRECT_OBJC_ISA_USAGE = YES_ERROR;
				CLANG_WARN_DOCUMENTATION_COMMENTS = YES;
				CLANG_WARN_EMPTY_BODY = YES;
				CLANG_WARN_ENUM_CONVERSION = YES;
				CLANG_WARN_INFINITE_RECURSION = YES;
				CLANG_WARN_INT_CONVERSION = YES;
				CLANG_WARN_NON_LITERAL_NULL_CONVERSION = YES;
				CLANG_WARN_OBJC_IMPLICIT_RETAIN_SELF = YES;
				CLANG_WARN_OBJC_LITERAL_CONVERSION = YES;
				CLANG_WARN_OBJC_ROOT_CLASS = YES_ERROR;
				CLANG_WARN_QUOTED_INCLUDE_IN_FRAMEWORK_HEADER = YES;
				CLANG_WARN_RANGE_LOOP_ANALYSIS = YES;
				CLANG_WARN_STRICT_PROTOTYPES = YES;
				CLANG_WARN_SUSPICIOUS_MOVE = YES;
				CLANG_WARN_UNGUARDED_AVAILABILITY = YES_AGGRESSIVE;
				CLANG_WARN_UNREACHABLE_CODE = YES;
				CLANG_WARN__DUPLICATE_METHOD_MATCH = YES;
				COPY_PHASE_STRIP = NO;
				DEBUG_INFORMATION_FORMAT = "dwarf-with-dsym";
				ENABLE_NS_ASSERTIONS = NO;
				ENABLE_STRICT_OBJC_MSGSEND = YES;
				GCC_C_LANGUAGE_STANDARD = gnu11;
				GCC_NO_COMMON_BLOCKS = YES;
				GCC_WARN_64_TO_32_BIT_CONVERSION = YES;
				GCC_WARN_ABOUT_RETURN_TYPE = YES_ERROR;
				GCC_WARN_UNDECLARED_SELECTOR = YES;
				GCC_WARN_UNINITIALIZED_AUTOS = YES_AGGRESSIVE;
				GCC_WARN_UNUSED_FUNCTION = YES;
				GCC_WARN_UNUSED_VARIABLE = YES;
				IPHONEOS_DEPLOYMENT_TARGET = 14.3;
				MTL_ENABLE_DEBUG_INFO = NO;
				MTL_FAST_MATH = YES;
				SDKROOT = iphoneos;
				SWIFT_COMPILATION_MODE = wholemodule;
				SWIFT_OPTIMIZATION_LEVEL = "-O";
				VALIDATE_PRODUCT = YES;
			};
			name = Release;
		};
		76D2D4F725B6758F00A17562 /* Debug */ = {
			isa = XCBuildConfiguration;
			buildSettings = {
				ASSETCATALOG_COMPILER_APPICON_NAME = AppIcon;
				ASSETCATALOG_COMPILER_GLOBAL_ACCENT_COLOR_NAME = AccentColor;
				CODE_SIGN_STYLE = Automatic;
				INFOPLIST_FILE = Prework/Info.plist;
				LD_RUNPATH_SEARCH_PATHS = (
					"$(inherited)",
					"@executable_path/Frameworks",
				);
				PRODUCT_BUNDLE_IDENTIFIER = memo.com.Prework;
				PRODUCT_NAME = "$(TARGET_NAME)";
				SWIFT_VERSION = 5.0;
				TARGETED_DEVICE_FAMILY = "1,2";
			};
			name = Debug;
		};
		76D2D4F825B6758F00A17562 /* Release */ = {
			isa = XCBuildConfiguration;
			buildSettings = {
				ASSETCATALOG_COMPILER_APPICON_NAME = AppIcon;
				ASSETCATALOG_COMPILER_GLOBAL_ACCENT_COLOR_NAME = AccentColor;
				CODE_SIGN_STYLE = Automatic;
				INFOPLIST_FILE = Prework/Info.plist;
				LD_RUNPATH_SEARCH_PATHS = (
					"$(inherited)",
					"@executable_path/Frameworks",
				);
				PRODUCT_BUNDLE_IDENTIFIER = memo.com.Prework;
				PRODUCT_NAME = "$(TARGET_NAME)";
				SWIFT_VERSION = 5.0;
				TARGETED_DEVICE_FAMILY = "1,2";
			};
			name = Release;
		};
		76D2D4FA25B6758F00A17562 /* Debug */ = {
			isa = XCBuildConfiguration;
			buildSettings = {
				ALWAYS_EMBED_SWIFT_STANDARD_LIBRARIES = YES;
				BUNDLE_LOADER = "$(TEST_HOST)";
				CODE_SIGN_STYLE = Automatic;
				INFOPLIST_FILE = PreworkTests/Info.plist;
				IPHONEOS_DEPLOYMENT_TARGET = 14.3;
				LD_RUNPATH_SEARCH_PATHS = (
					"$(inherited)",
					"@executable_path/Frameworks",
					"@loader_path/Frameworks",
				);
				PRODUCT_BUNDLE_IDENTIFIER = memo.com.PreworkTests;
				PRODUCT_NAME = "$(TARGET_NAME)";
				SWIFT_VERSION = 5.0;
				TARGETED_DEVICE_FAMILY = "1,2";
				TEST_HOST = "$(BUILT_PRODUCTS_DIR)/Prework.app/Prework";
			};
			name = Debug;
		};
		76D2D4FB25B6758F00A17562 /* Release */ = {
			isa = XCBuildConfiguration;
			buildSettings = {
				ALWAYS_EMBED_SWIFT_STANDARD_LIBRARIES = YES;
				BUNDLE_LOADER = "$(TEST_HOST)";
				CODE_SIGN_STYLE = Automatic;
				INFOPLIST_FILE = PreworkTests/Info.plist;
				IPHONEOS_DEPLOYMENT_TARGET = 14.3;
				LD_RUNPATH_SEARCH_PATHS = (
					"$(inherited)",
					"@executable_path/Frameworks",
					"@loader_path/Frameworks",
				);
				PRODUCT_BUNDLE_IDENTIFIER = memo.com.PreworkTests;
				PRODUCT_NAME = "$(TARGET_NAME)";
				SWIFT_VERSION = 5.0;
				TARGETED_DEVICE_FAMILY = "1,2";
				TEST_HOST = "$(BUILT_PRODUCTS_DIR)/Prework.app/Prework";
			};
			name = Release;
		};
		76D2D4FD25B6758F00A17562 /* Debug */ = {
			isa = XCBuildConfiguration;
			buildSettings = {
				ALWAYS_EMBED_SWIFT_STANDARD_LIBRARIES = YES;
				CODE_SIGN_STYLE = Automatic;
				INFOPLIST_FILE = PreworkUITests/Info.plist;
				LD_RUNPATH_SEARCH_PATHS = (
					"$(inherited)",
					"@executable_path/Frameworks",
					"@loader_path/Frameworks",
				);
				PRODUCT_BUNDLE_IDENTIFIER = memo.com.PreworkUITests;
				PRODUCT_NAME = "$(TARGET_NAME)";
				SWIFT_VERSION = 5.0;
				TARGETED_DEVICE_FAMILY = "1,2";
				TEST_TARGET_NAME = Prework;
			};
			name = Debug;
		};
		76D2D4FE25B6758F00A17562 /* Release */ = {
			isa = XCBuildConfiguration;
			buildSettings = {
				ALWAYS_EMBED_SWIFT_STANDARD_LIBRARIES = YES;
				CODE_SIGN_STYLE = Automatic;
				INFOPLIST_FILE = PreworkUITests/Info.plist;
				LD_RUNPATH_SEARCH_PATHS = (
					"$(inherited)",
					"@executable_path/Frameworks",
					"@loader_path/Frameworks",
				);
				PRODUCT_BUNDLE_IDENTIFIER = memo.com.PreworkUITests;
				PRODUCT_NAME = "$(TARGET_NAME)";
				SWIFT_VERSION = 5.0;
				TARGETED_DEVICE_FAMILY = "1,2";
				TEST_TARGET_NAME = Prework;
			};
			name = Release;
		};
/* End XCBuildConfiguration section */

/* Begin XCConfigurationList section */
		76D2D4C725B6758E00A17562 /* Build configuration list for PBXProject "Prework" */ = {
			isa = XCConfigurationList;
			buildConfigurations = (
				76D2D4F425B6758F00A17562 /* Debug */,
				76D2D4F525B6758F00A17562 /* Release */,
			);
			defaultConfigurationIsVisible = 0;
			defaultConfigurationName = Release;
		};
		76D2D4F625B6758F00A17562 /* Build configuration list for PBXNativeTarget "Prework" */ = {
			isa = XCConfigurationList;
			buildConfigurations = (
				76D2D4F725B6758F00A17562 /* Debug */,
				76D2D4F825B6758F00A17562 /* Release */,
			);
			defaultConfigurationIsVisible = 0;
			defaultConfigurationName = Release;
		};
		76D2D4F925B6758F00A17562 /* Build configuration list for PBXNativeTarget "PreworkTests" */ = {
			isa = XCConfigurationList;
			buildConfigurations = (
				76D2D4FA25B6758F00A17562 /* Debug */,
				76D2D4FB25B6758F00A17562 /* Release */,
			);
			defaultConfigurationIsVisible = 0;
			defaultConfigurationName = Release;
		};
		76D2D4FC25B6758F00A17562 /* Build configuration list for PBXNativeTarget "PreworkUITests" */ = {
			isa = XCConfigurationList;
			buildConfigurations = (
				76D2D4FD25B6758F00A17562 /* Debug */,
				76D2D4FE25B6758F00A17562 /* Release */,
			);
			defaultConfigurationIsVisible = 0;
			defaultConfigurationName = Release;
		};
/* End XCConfigurationList section */
	};
	rootObject = 76D2D4C425B6758E00A17562 /* Project object */;
}
